
Microsoft Visual Studio Solution File, Format Version 12.00
# Visual Studio Version 16
VisualStudioVersion = 16.0.29503.13
MinimumVisualStudioVersion = 10.0.40219.1
Project("{FAE04EC0-301F-11D3-BF4B-00C04F79EFBC}") = "DIMU.Web", "DIMU.Web\DIMU.Web.csproj", "{651A921E-4583-46DF-8C3D-60BEEBD0A225}"
EndProject
Project("{FAE04EC0-301F-11D3-BF4B-00C04F79EFBC}") = "DIMU.DAL", "DIMU.DAL\DIMU.DAL.csproj", "{6665764E-282D-4A53-B093-4B5955EE1F15}"
EndProject
Project("{FAE04EC0-301F-11D3-BF4B-00C04F79EFBC}") = "DIMU.BLL", "DIMU.BLL\DIMU.BLL.csproj", "{F18896A3-3279-44A6-82F9-31044E5864E5}"
EndProject
Global
	GlobalSection(SolutionConfigurationPlatforms) = preSolution
		Debug|Any CPU = Debug|Any CPU
		Release|Any CPU = Release|Any CPU
	EndGlobalSection
	GlobalSection(ProjectConfigurationPlatforms) = postSolution
		{651A921E-4583-46DF-8C3D-60BEEBD0A225}.Debug|Any CPU.ActiveCfg = Debug|Any CPU
		{651A921E-4583-46DF-8C3D-60BEEBD0A225}.Debug|Any CPU.Build.0 = Debug|Any CPU
		{651A921E-4583-46DF-8C3D-60BEEBD0A225}.Release|Any CPU.ActiveCfg = Release|Any CPU
		{651A921E-4583-46DF-8C3D-60BEEBD0A225}.Release|Any CPU.Build.0 = Release|Any CPU
		{6665764E-282D-4A53-B093-4B5955EE1F15}.Debug|Any CPU.ActiveCfg = Debug|Any CPU
		{6665764E-282D-4A53-B093-4B5955EE1F15}.Debug|Any CPU.Build.0 = Debug|Any CPU
		{6665764E-282D-4A53-B093-4B5955EE1F15}.Release|Any CPU.ActiveCfg = Release|Any CPU
		{6665764E-282D-4A53-B093-4B5955EE1F15}.Release|Any CPU.Build.0 = Release|Any CPU
		{F18896A3-3279-44A6-82F9-31044E5864E5}.Debug|Any CPU.ActiveCfg = Debug|Any CPU
		{F18896A3-3279-44A6-82F9-31044E5864E5}.Debug|Any CPU.Build.0 = Debug|Any CPU
		{F18896A3-3279-44A6-82F9-31044E5864E5}.Release|Any CPU.ActiveCfg = Release|Any CPU
		{F18896A3-3279-44A6-82F9-31044E5864E5}.Release|Any CPU.Build.0 = Release|Any CPU
	EndGlobalSection
	GlobalSection(SolutionProperties) = preSolution
		HideSolutionNode = FALSE
	EndGlobalSection
	GlobalSection(ExtensibilityGlobals) = postSolution
		SolutionGuid = {CE4E9C1B-4E62-4B40-919D-81F50D58D138}
	EndGlobalSection
EndGlobal
